
Microsoft Visual Studio Solution File, Format Version 12.00
# Visual Studio 15
VisualStudioVersion = 15.0.33529.398
MinimumVisualStudioVersion = 10.0.40219.1
Project("{FAE04EC0-301F-11D3-BF4B-00C04F79EFBC}") = "Libro", "Libro.csproj", "{21BF9838-4338-4636-A315-479B5E42E77A}"
EndProject
Global
	GlobalSection(SolutionConfigurationPlatforms) = preSolution
		Debug|Any CPU = Debug|Any CPU
		Release|Any CPU = Release|Any CPU
	EndGlobalSection
	GlobalSection(ProjectConfigurationPlatforms) = postSolution
		{21BF9838-4338-4636-A315-479B5E42E77A}.Debug|Any CPU.ActiveCfg = Debug|Any CPU
		{21BF9838-4338-4636-A315-479B5E42E77A}.Debug|Any CPU.Build.0 = Debug|Any CPU
		{21BF9838-4338-4636-A315-479B5E42E77A}.Release|Any CPU.ActiveCfg = Release|Any CPU
		{21BF9838-4338-4636-A315-479B5E42E77A}.Release|Any CPU.Build.0 = Release|Any CPU
	EndGlobalSection
	GlobalSection(SolutionProperties) = preSolution
		HideSolutionNode = FALSE
	EndGlobalSection
	GlobalSection(ExtensibilityGlobals) = postSolution
		SolutionGuid = {96E2A8A4-A50B-4FF1-8E1B-F2DB09CC3C34}
	EndGlobalSection
EndGlobal
